
Microsoft Visual Studio Solution File, Format Version 12.00
# Visual Studio 14
VisualStudioVersion = 14.0.24720.0
MinimumVisualStudioVersion = 10.0.40219.1
Project("{F184B08F-C81C-45F6-A57F-5ABD9991F28F}") = "RetailPriceCalculator", "RetailPriceCalculator\RetailPriceCalculator.vbproj", "{C9D4EC6E-F56A-4822-9E27-AA3C487BBDDB}"
EndProject
Global
	GlobalSection(SolutionConfigurationPlatforms) = preSolution
		Debug|Any CPU = Debug|Any CPU
		Release|Any CPU = Release|Any CPU
	EndGlobalSection
	GlobalSection(ProjectConfigurationPlatforms) = postSolution
		{C9D4EC6E-F56A-4822-9E27-AA3C487BBDDB}.Debug|Any CPU.ActiveCfg = Debug|Any CPU
		{C9D4EC6E-F56A-4822-9E27-AA3C487BBDDB}.Debug|Any CPU.Build.0 = Debug|Any CPU
		{C9D4EC6E-F56A-4822-9E27-AA3C487BBDDB}.Release|Any CPU.ActiveCfg = Release|Any CPU
		{C9D4EC6E-F56A-4822-9E27-AA3C487BBDDB}.Release|Any CPU.Build.0 = Release|Any CPU
	EndGlobalSection
	GlobalSection(SolutionProperties) = preSolution
		HideSolutionNode = FALSE
	EndGlobalSection
EndGlobal
